
Microsoft Visual Studio Solution File, Format Version 12.00
# Visual Studio Version 16
VisualStudioVersion = 16.0.31019.35
MinimumVisualStudioVersion = 10.0.40219.1
Project("{FAE04EC0-301F-11D3-BF4B-00C04F79EFBC}") = "HastaneOtomasyon", "HastaneOtomasyon.csproj", "{CC077F39-FA68-4260-9C14-CD459004C57E}"
EndProject
Project("{9A19103F-16F7-4668-BE54-9A1E7A4F7556}") = "EntityLayer", "..\EntityLayer\EntityLayer.csproj", "{ACC5E694-E242-431D-8854-868D85A30C25}"
EndProject
Project("{9A19103F-16F7-4668-BE54-9A1E7A4F7556}") = "DataAccessLayer", "..\DataAccessLayer\DataAccessLayer.csproj", "{698180CD-7E82-49E8-8B58-EBA0D6F4348B}"
EndProject
Project("{9A19103F-16F7-4668-BE54-9A1E7A4F7556}") = "LogicLayer", "..\LogicLayer\LogicLayer.csproj", "{5754A49C-CDDF-4992-9945-020E8EF45308}"
EndProject
Global
	GlobalSection(SolutionConfigurationPlatforms) = preSolution
		Debug|Any CPU = Debug|Any CPU
		Release|Any CPU = Release|Any CPU
	EndGlobalSection
	GlobalSection(ProjectConfigurationPlatforms) = postSolution
		{CC077F39-FA68-4260-9C14-CD459004C57E}.Debug|Any CPU.ActiveCfg = Debug|Any CPU
		{CC077F39-FA68-4260-9C14-CD459004C57E}.Debug|Any CPU.Build.0 = Debug|Any CPU
		{CC077F39-FA68-4260-9C14-CD459004C57E}.Release|Any CPU.ActiveCfg = Release|Any CPU
		{CC077F39-FA68-4260-9C14-CD459004C57E}.Release|Any CPU.Build.0 = Release|Any CPU
		{ACC5E694-E242-431D-8854-868D85A30C25}.Debug|Any CPU.ActiveCfg = Debug|Any CPU
		{ACC5E694-E242-431D-8854-868D85A30C25}.Debug|Any CPU.Build.0 = Debug|Any CPU
		{ACC5E694-E242-431D-8854-868D85A30C25}.Release|Any CPU.ActiveCfg = Release|Any CPU
		{ACC5E694-E242-431D-8854-868D85A30C25}.Release|Any CPU.Build.0 = Release|Any CPU
		{698180CD-7E82-49E8-8B58-EBA0D6F4348B}.Debug|Any CPU.ActiveCfg = Debug|Any CPU
		{698180CD-7E82-49E8-8B58-EBA0D6F4348B}.Debug|Any CPU.Build.0 = Debug|Any CPU
		{698180CD-7E82-49E8-8B58-EBA0D6F4348B}.Release|Any CPU.ActiveCfg = Release|Any CPU
		{698180CD-7E82-49E8-8B58-EBA0D6F4348B}.Release|Any CPU.Build.0 = Release|Any CPU
		{5754A49C-CDDF-4992-9945-020E8EF45308}.Debug|Any CPU.ActiveCfg = Debug|Any CPU
		{5754A49C-CDDF-4992-9945-020E8EF45308}.Debug|Any CPU.Build.0 = Debug|Any CPU
		{5754A49C-CDDF-4992-9945-020E8EF45308}.Release|Any CPU.ActiveCfg = Release|Any CPU
		{5754A49C-CDDF-4992-9945-020E8EF45308}.Release|Any CPU.Build.0 = Release|Any CPU
	EndGlobalSection
	GlobalSection(SolutionProperties) = preSolution
		HideSolutionNode = FALSE
	EndGlobalSection
	GlobalSection(ExtensibilityGlobals) = postSolution
		SolutionGuid = {6FB3514E-C8FC-46A1-9304-0FFBDD2B2F5D}
	EndGlobalSection
EndGlobal
